
Microsoft Visual Studio Solution File, Format Version 12.00
# Visual Studio Version 16
VisualStudioVersion = 16.0.29905.134
MinimumVisualStudioVersion = 10.0.40219.1
Project("{FAE04EC0-301F-11D3-BF4B-00C04F79EFBC}") = "Most common word", "Most common word.csproj", "{B15E34FC-65D5-4811-A756-E629098ECAA1}"
EndProject
Global
	GlobalSection(SolutionConfigurationPlatforms) = preSolution
		Debug|Any CPU = Debug|Any CPU
		Release|Any CPU = Release|Any CPU
	EndGlobalSection
	GlobalSection(ProjectConfigurationPlatforms) = postSolution
		{B15E34FC-65D5-4811-A756-E629098ECAA1}.Debug|Any CPU.ActiveCfg = Debug|Any CPU
		{B15E34FC-65D5-4811-A756-E629098ECAA1}.Debug|Any CPU.Build.0 = Debug|Any CPU
		{B15E34FC-65D5-4811-A756-E629098ECAA1}.Release|Any CPU.ActiveCfg = Release|Any CPU
		{B15E34FC-65D5-4811-A756-E629098ECAA1}.Release|Any CPU.Build.0 = Release|Any CPU
	EndGlobalSection
	GlobalSection(SolutionProperties) = preSolution
		HideSolutionNode = FALSE
	EndGlobalSection
	GlobalSection(ExtensibilityGlobals) = postSolution
		SolutionGuid = {3F00A337-981B-454A-8109-E88D87E8FC8C}
	EndGlobalSection
EndGlobal
